
Microsoft Visual Studio Solution File, Format Version 12.00
# Visual Studio Version 17
VisualStudioVersion = 17.12.35707.178
MinimumVisualStudioVersion = 10.0.40219.1
Project("{8BC9CEB8-8B4A-11D0-8D11-00A0C91BC942}") = "sigma-mapper", "sigma-mapper\sigma-mapper.vcxproj", "{74C2B30D-7CFF-4CC3-852A-737139017CE6}"
EndProject
Global
	GlobalSection(SolutionConfigurationPlatforms) = preSolution
		Debug|x64 = Debug|x64
		Release|x64 = Release|x64
	EndGlobalSection
	GlobalSection(ProjectConfigurationPlatforms) = postSolution
		{74C2B30D-7CFF-4CC3-852A-737139017CE6}.Debug|x64.ActiveCfg = Debug|x64
		{74C2B30D-7CFF-4CC3-852A-737139017CE6}.Debug|x64.Build.0 = Debug|x64
		{74C2B30D-7CFF-4CC3-852A-737139017CE6}.Release|x64.ActiveCfg = Release|x64
		{74C2B30D-7CFF-4CC3-852A-737139017CE6}.Release|x64.Build.0 = Release|x64
	EndGlobalSection
	GlobalSection(SolutionProperties) = preSolution
		HideSolutionNode = FALSE
	EndGlobalSection
EndGlobal
